{
  "version": 4,
  "terraform_version": "1.9.8",
  "serial": 33,
  "lineage": "9bc84a36-5a53-c835-4371-c15ef167a11d",
  "outputs": {},
  "resources": [
    {
      "mode": "managed",
      "type": "google_compute_global_address",
      "name": "lesson7_google_managed_services_default",
      "provider": "provider[\"registry.terraform.io/hashicorp/google\"]",
      "instances": [
        {
          "schema_version": 0,
          "attributes": {
            "address": "10.29.0.0",
            "address_type": "INTERNAL",
            "creation_timestamp": "2024-11-09T15:59:38.435-08:00",
            "description": "",
            "effective_labels": {
              "goog-terraform-provisioned": "true"
            },
            "id": "projects/s5terraform/global/addresses/lesson7-google-managed-services-default",
            "ip_version": "",
            "label_fingerprint": "vezUS-42LLM=",
            "labels": {},
            "name": "lesson7-google-managed-services-default",
            "network": "https://www.googleapis.com/compute/v1/projects/s5terraform/global/networks/default",
            "prefix_length": 16,
            "project": "s5terraform",
            "purpose": "VPC_PEERING",
            "self_link": "https://www.googleapis.com/compute/v1/projects/s5terraform/global/addresses/lesson7-google-managed-services-default",
            "terraform_labels": {
              "goog-terraform-provisioned": "true"
            },
            "timeouts": null
          },
          "sensitive_attributes": [],
          "private": "eyJlMmJmYjczMC1lY2FhLTExZTYtOGY4OC0zNDM2M2JjN2M0YzAiOnsiY3JlYXRlIjoxMjAwMDAwMDAwMDAwLCJkZWxldGUiOjEyMDAwMDAwMDAwMDAsInVwZGF0ZSI6MTIwMDAwMDAwMDAwMH19"
        }
      ]
    },
    {
      "mode": "managed",
      "type": "google_service_networking_connection",
      "name": "vpc_peering",
      "provider": "provider[\"registry.terraform.io/hashicorp/google\"]",
      "instances": [
        {
          "schema_version": 0,
          "attributes": {
            "deletion_policy": null,
            "id": "default:servicenetworking.googleapis.com",
            "network": "default",
            "peering": "servicenetworking-googleapis-com",
            "reserved_peering_ranges": [
              "lesson7-google-managed-services-default"
            ],
            "service": "servicenetworking.googleapis.com",
            "timeouts": null,
            "update_on_creation_fail": null
          },
          "sensitive_attributes": [],
          "private": "eyJlMmJmYjczMC1lY2FhLTExZTYtOGY4OC0zNDM2M2JjN2M0YzAiOnsiY3JlYXRlIjo2MDAwMDAwMDAwMDAsImRlbGV0ZSI6NjAwMDAwMDAwMDAwLCJ1cGRhdGUiOjYwMDAwMDAwMDAwMH19",
          "dependencies": [
            "google_compute_global_address.lesson7_google_managed_services_default"
          ]
        }
      ]
    }
  ],
  "check_results": null
}
