{
  "version": 4,
  "terraform_version": "1.9.8",
  "serial": 4,
  "lineage": "9bc84a36-5a53-c835-4371-c15ef167a11d",
  "outputs": {},
  "resources": [
    {
      "mode": "managed",
      "type": "google_storage_bucket",
      "name": "default",
      "provider": "provider[\"registry.terraform.io/hashicorp/google\"]",
      "instances": [
        {
          "schema_version": 3,
          "attributes": {
            "autoclass": [],
            "cors": [],
            "custom_placement_config": [],
            "default_event_based_hold": false,
            "effective_labels": {
              "goog-terraform-provisioned": "true"
            },
            "enable_object_retention": false,
            "encryption": [],
            "force_destroy": true,
            "id": "terraform-remote-backend-372ca4f69d9a0bc5",
            "labels": null,
            "lifecycle_rule": [],
            "location": "EU",
            "logging": [],
            "name": "terraform-remote-backend-372ca4f69d9a0bc5",
            "project": "s5terraform",
            "project_number": 367890840154,
            "public_access_prevention": "enforced",
            "requester_pays": false,
            "retention_policy": [],
            "rpo": "DEFAULT",
            "self_link": "https://www.googleapis.com/storage/v1/b/terraform-remote-backend-372ca4f69d9a0bc5",
            "soft_delete_policy": [
              {
                "effective_time": "2024-11-09T16:30:02.481Z",
                "retention_duration_seconds": 604800
              }
            ],
            "storage_class": "STANDARD",
            "terraform_labels": {
              "goog-terraform-provisioned": "true"
            },
            "timeouts": null,
            "uniform_bucket_level_access": true,
            "url": "gs://terraform-remote-backend-372ca4f69d9a0bc5",
            "versioning": [
              {
                "enabled": false
              }
            ],
            "website": []
          },
          "sensitive_attributes": [],
          "private": "eyJlMmJmYjczMC1lY2FhLTExZTYtOGY4OC0zNDM2M2JjN2M0YzAiOnsiY3JlYXRlIjo2MDAwMDAwMDAwMDAsInJlYWQiOjI0MDAwMDAwMDAwMCwidXBkYXRlIjoyNDAwMDAwMDAwMDB9LCJzY2hlbWFfdmVyc2lvbiI6IjMifQ==",
          "dependencies": [
            "random_id.default"
          ]
        }
      ]
    },
    {
      "mode": "managed",
      "type": "local_file",
      "name": "default",
      "provider": "provider[\"registry.terraform.io/hashicorp/local\"]",
      "instances": [
        {
          "schema_version": 0,
          "attributes": {
            "content": "terraform {\n  backend \"gcs\" {\n    bucket = \"terraform-remote-backend-372ca4f69d9a0bc5\"\n  }\n}\n",
            "content_base64": null,
            "content_base64sha256": "0+BSS+0i/mRHqFvQaMfvPl1sZ23Bcyli7HJfr910aFE=",
            "content_base64sha512": "dRo1QmLoiEVB2603uY+iyj7Ct/dieX/ITlDKVGOBZgsHdEQHeiPxGMr3YF/U+MtIoa+4f+Ff8suVtzUlwHtqtw==",
            "content_md5": "bb6fc902f7cbb1c1f89e759be99607ec",
            "content_sha1": "a29243f1a5e8205a3172814fd2cefdd82b827c47",
            "content_sha256": "d3e0524bed22fe6447a85bd068c7ef3e5d6c676dc1732962ec725fafdd746851",
            "content_sha512": "751a354262e8884541dbad37b98fa2ca3ec2b7f762797fc84e50ca546381660b077444077a23f118caf7605fd4f8cb48a1afb87fe15ff2cb95b73525c07b6ab7",
            "directory_permission": "0777",
            "file_permission": "0644",
            "filename": "./7-a-backend.tf",
            "id": "a29243f1a5e8205a3172814fd2cefdd82b827c47",
            "sensitive_content": null,
            "source": null
          },
          "sensitive_attributes": [
            [
              {
                "type": "get_attr",
                "value": "sensitive_content"
              }
            ]
          ],
          "dependencies": [
            "google_storage_bucket.default",
            "random_id.default"
          ]
        }
      ]
    },
    {
      "mode": "managed",
      "type": "random_id",
      "name": "default",
      "provider": "provider[\"registry.terraform.io/hashicorp/random\"]",
      "instances": [
        {
          "schema_version": 0,
          "attributes": {
            "b64_std": "Nyyk9p2aC8U=",
            "b64_url": "Nyyk9p2aC8U",
            "byte_length": 8,
            "dec": "3975733950174333893",
            "hex": "372ca4f69d9a0bc5",
            "id": "Nyyk9p2aC8U",
            "keepers": null,
            "prefix": null
          },
          "sensitive_attributes": []
        }
      ]
    }
  ],
  "check_results": null
}
