{
  "version": 4,
  "terraform_version": "1.9.8",
  "serial": 28,
  "lineage": "218c08e0-f482-452d-8530-e4e4ee9578b6",
  "outputs": {},
  "resources": [
    {
      "mode": "managed",
      "type": "google_storage_bucket",
      "name": "default",
      "provider": "provider[\"registry.terraform.io/hashicorp/google\"]",
      "instances": [
        {
          "schema_version": 3,
          "attributes": {
            "autoclass": [],
            "cors": [],
            "custom_placement_config": [],
            "default_event_based_hold": false,
            "effective_labels": {
              "goog-terraform-provisioned": "true"
            },
            "enable_object_retention": false,
            "encryption": [],
            "force_destroy": true,
            "id": "a1852feacbf20824-terraform-remote-backend",
            "labels": null,
            "lifecycle_rule": [],
            "location": "EU",
            "logging": [],
            "name": "a1852feacbf20824-terraform-remote-backend",
            "project": "s5terraform",
            "project_number": 367890840154,
            "public_access_prevention": "enforced",
            "requester_pays": false,
            "retention_policy": [],
            "rpo": "DEFAULT",
            "self_link": "https://www.googleapis.com/storage/v1/b/a1852feacbf20824-terraform-remote-backend",
            "soft_delete_policy": [
              {
                "effective_time": "2024-11-05T12:03:55.369Z",
                "retention_duration_seconds": 604800
              }
            ],
            "storage_class": "STANDARD",
            "terraform_labels": {
              "goog-terraform-provisioned": "true"
            },
            "timeouts": null,
            "uniform_bucket_level_access": true,
            "url": "gs://a1852feacbf20824-terraform-remote-backend",
            "versioning": [
              {
                "enabled": false
              }
            ],
            "website": []
          },
          "sensitive_attributes": [],
          "private": "eyJlMmJmYjczMC1lY2FhLTExZTYtOGY4OC0zNDM2M2JjN2M0YzAiOnsiY3JlYXRlIjo2MDAwMDAwMDAwMDAsInJlYWQiOjI0MDAwMDAwMDAwMCwidXBkYXRlIjoyNDAwMDAwMDAwMDB9LCJzY2hlbWFfdmVyc2lvbiI6IjMifQ==",
          "dependencies": [
            "random_id.default"
          ]
        }
      ]
    },
    {
      "mode": "managed",
      "type": "local_file",
      "name": "default",
      "provider": "provider[\"registry.terraform.io/hashicorp/local\"]",
      "instances": [
        {
          "schema_version": 0,
          "attributes": {
            "content": "terraform {\n  backend \"gcs\" {\n    bucket = \"a1852feacbf20824-terraform-remote-backend\"\n  }\n}\n",
            "content_base64": null,
            "content_base64sha256": "GnViQKUUVcbl0l2Z3gOPuJorrWqsiKVrFBhaZbxFQdg=",
            "content_base64sha512": "w3NEhSBoBmU5UlsC98jNpzjuPfrFA9RsBGg3u8uVSxMNr+grFlRMxf5fg1J7U0qR7ODcbfNIvgXTMKlwuSTpnQ==",
            "content_md5": "719e0b3c9e35f75acd509d05d8e434db",
            "content_sha1": "f5bfcf03ff08589596e4f240fea676325f5b2ad0",
            "content_sha256": "1a756240a51455c6e5d25d99de038fb89a2bad6aac88a56b14185a65bc4541d8",
            "content_sha512": "c37344852068066539525b02f7c8cda738ee3dfac503d46c046837bbcb954b130dafe82b16544cc5fe5f83527b534a91ece0dc6df348be05d330a970b924e99d",
            "directory_permission": "0777",
            "file_permission": "0644",
            "filename": "./backend.tf",
            "id": "f5bfcf03ff08589596e4f240fea676325f5b2ad0",
            "sensitive_content": null,
            "source": null
          },
          "sensitive_attributes": [
            [
              {
                "type": "get_attr",
                "value": "sensitive_content"
              }
            ]
          ],
          "dependencies": [
            "google_storage_bucket.default",
            "random_id.default"
          ]
        }
      ]
    },
    {
      "mode": "managed",
      "type": "random_id",
      "name": "default",
      "provider": "provider[\"registry.terraform.io/hashicorp/random\"]",
      "instances": [
        {
          "schema_version": 0,
          "attributes": {
            "b64_std": "oYUv6svyCCQ=",
            "b64_url": "oYUv6svyCCQ",
            "byte_length": 8,
            "dec": "11638761497499404324",
            "hex": "a1852feacbf20824",
            "id": "oYUv6svyCCQ",
            "keepers": null,
            "prefix": null
          },
          "sensitive_attributes": []
        }
      ]
    }
  ],
  "check_results": null
}
